
Microsoft Visual Studio Solution File, Format Version 12.00
# Visual Studio 15
VisualStudioVersion = 15.0.28010.2050
MinimumVisualStudioVersion = 10.0.40219.1
Project("{FAE04EC0-301F-11D3-BF4B-00C04F79EFBC}") = "DeleteFileUtility", "DeleteFileUtility\DeleteFileUtility.csproj", "{3AAD3C13-0C72-46FA-B10B-82521983131E}"
EndProject
Global
	GlobalSection(SolutionConfigurationPlatforms) = preSolution
		Debug|Any CPU = Debug|Any CPU
		Release|Any CPU = Release|Any CPU
	EndGlobalSection
	GlobalSection(ProjectConfigurationPlatforms) = postSolution
		{3AAD3C13-0C72-46FA-B10B-82521983131E}.Debug|Any CPU.ActiveCfg = Debug|Any CPU
		{3AAD3C13-0C72-46FA-B10B-82521983131E}.Debug|Any CPU.Build.0 = Debug|Any CPU
		{3AAD3C13-0C72-46FA-B10B-82521983131E}.Release|Any CPU.ActiveCfg = Release|Any CPU
		{3AAD3C13-0C72-46FA-B10B-82521983131E}.Release|Any CPU.Build.0 = Release|Any CPU
	EndGlobalSection
	GlobalSection(SolutionProperties) = preSolution
		HideSolutionNode = FALSE
	EndGlobalSection
	GlobalSection(ExtensibilityGlobals) = postSolution
		SolutionGuid = {B7D20F0F-133F-4CD6-885A-D136ED9B6B36}
	EndGlobalSection
EndGlobal
